{
  "name": "daeguk-monorepo",
  "version": "0.1.0",
  "lockfileVersion": 3,
  "requires": true,
  "packages": {
    "": {
      "name": "daeguk-monorepo",
      "version": "0.1.0",
      "workspaces": [
        "packages/*",
        "server"
      ],
      "engines": {
        "node": ">=20"
      }
    },
    "node_modules/@daeguk/game-engine": {
      "resolved": "packages/game-engine",
      "link": true
    },
    "node_modules/unknown-kingdom-server": {
      "resolved": "server",
      "link": true
    },
    "node_modules/ws": {
      "version": "8.21.3",
      "resolved": "https://registry.npmjs.org/ws/-/ws-8.21.3.tgz",
      "integrity": "sha512-201TZ/kPWxoPr/OKWjquZR1SWKXcvxdH+e1xrx89b3YbmzLMFCLfnaG1HFIgWzJOEWZ7MvpK++odZufgYR50Rw==",
      "license": "MIT",
      "engines": {
        "node": ">=10.0.0"
      },
      "peerDependencies": {
        "bufferutil": "^4.0.1",
        "utf-8-validate": ">=5.0.2"
      },
      "peerDependenciesMeta": {
        "bufferutil": {
          "optional": true
        },
        "utf-8-validate": {
          "optional": true
        }
      }
    },
    "packages/game-engine": {
      "name": "@daeguk/game-engine",
      "version": "0.1.0",
      "engines": {
        "node": ">=20"
      }
    },
    "server": {
      "name": "unknown-kingdom-server",
      "version": "0.1.0",
      "dependencies": {
        "@daeguk/game-engine": "*",
        "ws": "^8.18.0"
      },
      "engines": {
        "node": ">=20"
      }
    }
  }
}
