PODS:
  - Capacitor (7.6.8):
    - CapacitorCordova
  - CapacitorCordova (7.6.8)

DEPENDENCIES:
  - "Capacitor (from `../../node_modules/@capacitor/ios`)"
  - "CapacitorCordova (from `../../node_modules/@capacitor/ios`)"

EXTERNAL SOURCES:
  Capacitor:
    :path: "../../node_modules/@capacitor/ios"
  CapacitorCordova:
    :path: "../../node_modules/@capacitor/ios"

SPEC CHECKSUMS:
  Capacitor: ff6bf01336ac353098378828aff465095a89e459
  CapacitorCordova: e61ee8c40101b8cd011d0224261606a290c082cf

PODFILE CHECKSUM: abbc1b51cb1d88057e9cb557f5210ecae6846b5a

COCOAPODS: 1.17.0
